
Microsoft Visual Studio Solution File, Format Version 12.00
# Visual Studio Version 16
VisualStudioVersion = 16.0.31515.178
MinimumVisualStudioVersion = 10.0.40219.1
Project("{8BC9CEB8-8B4A-11D0-8D11-00A0C91BC942}") = "luyu3d", "luyu3d\luyu3d.vcxproj", "{2BB21A0A-4EA5-48B3-896A-E731D5EB5915}"
EndProject
Global
	GlobalSection(SolutionConfigurationPlatforms) = preSolution
		Debug|x64 = Debug|x64
		Debug|x86 = Debug|x86
		Release|x64 = Release|x64
		Release|x86 = Release|x86
	EndGlobalSection
	GlobalSection(ProjectConfigurationPlatforms) = postSolution
		{2BB21A0A-4EA5-48B3-896A-E731D5EB5915}.Debug|x64.ActiveCfg = Debug|x64
		{2BB21A0A-4EA5-48B3-896A-E731D5EB5915}.Debug|x64.Build.0 = Debug|x64
		{2BB21A0A-4EA5-48B3-896A-E731D5EB5915}.Debug|x86.ActiveCfg = Debug|Win32
		{2BB21A0A-4EA5-48B3-896A-E731D5EB5915}.Debug|x86.Build.0 = Debug|Win32
		{2BB21A0A-4EA5-48B3-896A-E731D5EB5915}.Release|x64.ActiveCfg = Release|x64
		{2BB21A0A-4EA5-48B3-896A-E731D5EB5915}.Release|x64.Build.0 = Release|x64
		{2BB21A0A-4EA5-48B3-896A-E731D5EB5915}.Release|x86.ActiveCfg = Release|Win32
		{2BB21A0A-4EA5-48B3-896A-E731D5EB5915}.Release|x86.Build.0 = Release|Win32
	EndGlobalSection
	GlobalSection(SolutionProperties) = preSolution
		HideSolutionNode = FALSE
	EndGlobalSection
	GlobalSection(ExtensibilityGlobals) = postSolution
		SolutionGuid = {B6C364D3-F0A8-4E12-A518-9FC9CC63B425}
	EndGlobalSection
EndGlobal
